PODS:
  - flutter_image_compress_macos (1.0.0):
    - FlutterMacOS
  - FlutterMacOS (1.0.0)
  - isar_flutter_libs (1.0.0):
    - FlutterMacOS
  - onnxruntime (0.0.1):
    - FlutterMacOS
  - photo_manager (3.9.0):
    - Flutter
    - FlutterMacOS

DEPENDENCIES:
  - flutter_image_compress_macos (from `Flutter/ephemeral/.symlinks/plugins/flutter_image_compress_macos/macos`)
  - FlutterMacOS (from `Flutter/ephemeral`)
  - isar_flutter_libs (from `Flutter/ephemeral/.symlinks/plugins/isar_flutter_libs/macos`)
  - onnxruntime (from `Flutter/ephemeral/.symlinks/plugins/onnxruntime/macos`)
  - photo_manager (from `Flutter/ephemeral/.symlinks/plugins/photo_manager/darwin`)

EXTERNAL SOURCES:
  flutter_image_compress_macos:
    :path: Flutter/ephemeral/.symlinks/plugins/flutter_image_compress_macos/macos
  FlutterMacOS:
    :path: Flutter/ephemeral
  isar_flutter_libs:
    :path: Flutter/ephemeral/.symlinks/plugins/isar_flutter_libs/macos
  onnxruntime:
    :path: Flutter/ephemeral/.symlinks/plugins/onnxruntime/macos
  photo_manager:
    :path: Flutter/ephemeral/.symlinks/plugins/photo_manager/darwin

SPEC CHECKSUMS:
  flutter_image_compress_macos: e68daf54bb4bf2144c580fd4d151c949cbf492f0
  FlutterMacOS: d0db08ddef1a9af05a5ec4b724367152bb0500b1
  isar_flutter_libs: a65381780401f81ad6bf3f2e7cd0de5698fb98c4
  onnxruntime: 07de55f2042e50ef3769768feb45eb69552cff05
  photo_manager: 25fd77df14f4f0ba5ef99e2c61814dde77e2bceb

PODFILE CHECKSUM: 54d867c82ac51cbd61b565781b9fada492027009

COCOAPODS: 1.16.2
